# This file is automatically @generated by Cargo.
# It is not intended for manual editing.
[[package]]
name = "autocfg"
version = "1.0.1"
source = "registry+https://github.com/rust-lang/crates.io-index"
checksum = "cdb031dd78e28731d87d56cc8ffef4a8f36ca26c38fe2de700543e627f8a464a"

[[package]]
name = "flink"
version = "0.1.0"
source = "git+https://github.com/msiglreith/flink.git#e993a4796f6c9af8a9afa290641269ece3f1d519"
dependencies = [
 "spirv-std",
]

[[package]]
name = "glam"
version = "0.11.3"
source = "registry+https://github.com/rust-lang/crates.io-index"
checksum = "49d9e5a6410cd46e6bea97123cec5ef1cba14274aad26a1835dd3c9b753ae069"
dependencies = [
 "num-traits",
 "version_check",
]

[[package]]
name = "libm"
version = "0.2.1"
source = "registry+https://github.com/rust-lang/crates.io-index"
checksum = "c7d73b3f436185384286bd8098d17ec07c9a7d2388a6599f824d8502b529702a"

[[package]]
name = "num-traits"
version = "0.2.14"
source = "registry+https://github.com/rust-lang/crates.io-index"
checksum = "9a64b1ec5cda2586e284722486d802acf1f7dbdc623e2bfc57e65ca1cd099290"
dependencies = [
 "autocfg",
 "libm",
]

[[package]]
name = "shader"
version = "0.1.0"
dependencies = [
 "flink",
 "spirv-std",
]

[[package]]
name = "spirv-std"
version = "0.2.0"
source = "git+https://github.com/msiglreith/rust-gpu.git?branch=gltf#9411953a3eeb5e841ef0d6bf8bb125ab24fa2412"
dependencies = [
 "glam",
 "num-traits",
 "spirv-std-macros",
]

[[package]]
name = "spirv-std-macros"
version = "0.1.0"
source = "git+https://github.com/msiglreith/rust-gpu.git?branch=gltf#9411953a3eeb5e841ef0d6bf8bb125ab24fa2412"

[[package]]
name = "version_check"
version = "0.9.2"
source = "registry+https://github.com/rust-lang/crates.io-index"
checksum = "b5a972e5669d67ba988ce3dc826706fb0a8b01471c088cb0b6110b805cc36aed"
